{
  "name": "lesson-project",
  "version": "1.0.0",
  "lockfileVersion": 1,
  "requires": true,
  "dependencies": {
    "js-talks-lesson": {
      "version": "2.0.1",
      "resolved": "https://registry.npmjs.org/js-talks-lesson/-/js-talks-lesson-2.0.1.tgz",
      "integrity": "sha512-MlZ6h80D+/f6F5Hxj+pI2x4QetEn2irBMUwTM9k33a/a9tdpQmaMJPJVfAfvadw1bVOgDa1Mcn6TsKUfTdVjiA=="
    }
  }
}
