{
  "name": "user",
  "version": "1.0.0",
  "lockfileVersion": 1,
  "requires": true,
  "dependencies": {
    "sw-demo-module": {
      "version": "2.1.2",
      "resolved": "https://registry.npmjs.org/sw-demo-module/-/sw-demo-module-2.1.2.tgz",
      "integrity": "sha512-5e5KAkEfQFIfCGaJihYXDq2Ce0zDFDaiuY+LDK0EijDqVI64Rko4EwH/RCP5hX/1HfMjjM9M2tdoOsndhs15wQ=="
    }
  }
}
